
Microsoft Visual Studio Solution File, Format Version 12.00
# Visual Studio 15
Project("{FAE04EC0-301F-11D3-BF4B-00C04F79EFBC}") = "StackedLayoutExerciseTwo.Android", "StackedLayoutExerciseTwo.Android\StackedLayoutExerciseTwo.Android.csproj", "{28C36D2A-73D9-454E-9810-9C09C283B1F9}"
EndProject
Project("{FAE04EC0-301F-11D3-BF4B-00C04F79EFBC}") = "StackedLayoutExerciseTwo.iOS", "StackedLayoutExerciseTwo.iOS\StackedLayoutExerciseTwo.iOS.csproj", "{EC85CDF1-17F1-4DDF-BD79-5204B13FE89E}"
EndProject
Project("{FAE04EC0-301F-11D3-BF4B-00C04F79EFBC}") = "StackedLayoutExerciseTwo", "StackedLayoutExerciseTwo\StackedLayoutExerciseTwo.csproj", "{6FF2A2CB-2389-41DA-BE98-47B274FD5FBC}"
EndProject
Project("{2150E333-8FDC-42A3-9474-1A3956D46DE8}") = "Resources", "Resources", "{859BAF2A-E253-451F-B250-AE2452690D09}"
EndProject
Global
	GlobalSection(SolutionConfigurationPlatforms) = preSolution
		Debug|Any CPU = Debug|Any CPU
		Release|Any CPU = Release|Any CPU
		Debug|iPhoneSimulator = Debug|iPhoneSimulator
		Release|iPhoneSimulator = Release|iPhoneSimulator
		Debug|iPhone = Debug|iPhone
		Release|iPhone = Release|iPhone
	EndGlobalSection
	GlobalSection(ProjectConfigurationPlatforms) = postSolution
		{28C36D2A-73D9-454E-9810-9C09C283B1F9}.Debug|Any CPU.ActiveCfg = Debug|Any CPU
		{28C36D2A-73D9-454E-9810-9C09C283B1F9}.Debug|Any CPU.Build.0 = Debug|Any CPU
		{28C36D2A-73D9-454E-9810-9C09C283B1F9}.Release|Any CPU.ActiveCfg = Release|Any CPU
		{28C36D2A-73D9-454E-9810-9C09C283B1F9}.Release|Any CPU.Build.0 = Release|Any CPU
		{28C36D2A-73D9-454E-9810-9C09C283B1F9}.Debug|iPhoneSimulator.ActiveCfg = Debug|Any CPU
		{28C36D2A-73D9-454E-9810-9C09C283B1F9}.Debug|iPhoneSimulator.Build.0 = Debug|Any CPU
		{28C36D2A-73D9-454E-9810-9C09C283B1F9}.Release|iPhoneSimulator.ActiveCfg = Release|Any CPU
		{28C36D2A-73D9-454E-9810-9C09C283B1F9}.Release|iPhoneSimulator.Build.0 = Release|Any CPU
		{28C36D2A-73D9-454E-9810-9C09C283B1F9}.Debug|iPhone.ActiveCfg = Debug|Any CPU
		{28C36D2A-73D9-454E-9810-9C09C283B1F9}.Debug|iPhone.Build.0 = Debug|Any CPU
		{28C36D2A-73D9-454E-9810-9C09C283B1F9}.Release|iPhone.ActiveCfg = Release|Any CPU
		{28C36D2A-73D9-454E-9810-9C09C283B1F9}.Release|iPhone.Build.0 = Release|Any CPU
		{EC85CDF1-17F1-4DDF-BD79-5204B13FE89E}.Debug|Any CPU.ActiveCfg = Debug|iPhoneSimulator
		{EC85CDF1-17F1-4DDF-BD79-5204B13FE89E}.Debug|Any CPU.Build.0 = Debug|iPhoneSimulator
		{EC85CDF1-17F1-4DDF-BD79-5204B13FE89E}.Release|Any CPU.ActiveCfg = Release|iPhoneSimulator
		{EC85CDF1-17F1-4DDF-BD79-5204B13FE89E}.Release|Any CPU.Build.0 = Release|iPhoneSimulator
		{EC85CDF1-17F1-4DDF-BD79-5204B13FE89E}.Debug|iPhoneSimulator.ActiveCfg = Debug|iPhoneSimulator
		{EC85CDF1-17F1-4DDF-BD79-5204B13FE89E}.Debug|iPhoneSimulator.Build.0 = Debug|iPhoneSimulator
		{EC85CDF1-17F1-4DDF-BD79-5204B13FE89E}.Release|iPhoneSimulator.ActiveCfg = Release|iPhoneSimulator
		{EC85CDF1-17F1-4DDF-BD79-5204B13FE89E}.Release|iPhoneSimulator.Build.0 = Release|iPhoneSimulator
		{EC85CDF1-17F1-4DDF-BD79-5204B13FE89E}.Debug|iPhone.ActiveCfg = Debug|iPhone
		{EC85CDF1-17F1-4DDF-BD79-5204B13FE89E}.Debug|iPhone.Build.0 = Debug|iPhone
		{EC85CDF1-17F1-4DDF-BD79-5204B13FE89E}.Release|iPhone.ActiveCfg = Release|iPhone
		{EC85CDF1-17F1-4DDF-BD79-5204B13FE89E}.Release|iPhone.Build.0 = Release|iPhone
		{6FF2A2CB-2389-41DA-BE98-47B274FD5FBC}.Debug|Any CPU.ActiveCfg = Debug|Any CPU
		{6FF2A2CB-2389-41DA-BE98-47B274FD5FBC}.Debug|Any CPU.Build.0 = Debug|Any CPU
		{6FF2A2CB-2389-41DA-BE98-47B274FD5FBC}.Release|Any CPU.ActiveCfg = Release|Any CPU
		{6FF2A2CB-2389-41DA-BE98-47B274FD5FBC}.Release|Any CPU.Build.0 = Release|Any CPU
		{6FF2A2CB-2389-41DA-BE98-47B274FD5FBC}.Debug|iPhoneSimulator.ActiveCfg = Debug|Any CPU
		{6FF2A2CB-2389-41DA-BE98-47B274FD5FBC}.Debug|iPhoneSimulator.Build.0 = Debug|Any CPU
		{6FF2A2CB-2389-41DA-BE98-47B274FD5FBC}.Release|iPhoneSimulator.ActiveCfg = Release|Any CPU
		{6FF2A2CB-2389-41DA-BE98-47B274FD5FBC}.Release|iPhoneSimulator.Build.0 = Release|Any CPU
		{6FF2A2CB-2389-41DA-BE98-47B274FD5FBC}.Debug|iPhone.ActiveCfg = Debug|Any CPU
		{6FF2A2CB-2389-41DA-BE98-47B274FD5FBC}.Debug|iPhone.Build.0 = Debug|Any CPU
		{6FF2A2CB-2389-41DA-BE98-47B274FD5FBC}.Release|iPhone.ActiveCfg = Release|Any CPU
		{6FF2A2CB-2389-41DA-BE98-47B274FD5FBC}.Release|iPhone.Build.0 = Release|Any CPU
	EndGlobalSection
EndGlobal
