
Microsoft Visual Studio Solution File, Format Version 12.00
# Visual Studio 15
Project("{FAE04EC0-301F-11D3-BF4B-00C04F79EFBC}") = "stackedLayoutExerciseOne.Android", "stackedLayoutExerciseOne.Android\stackedLayoutExerciseOne.Android.csproj", "{BCF0720C-8A9B-4794-B936-AE10173ADDC6}"
EndProject
Project("{FAE04EC0-301F-11D3-BF4B-00C04F79EFBC}") = "stackedLayoutExerciseOne.iOS", "stackedLayoutExerciseOne.iOS\stackedLayoutExerciseOne.iOS.csproj", "{74B40719-8A04-4456-BE92-F7F45FD4133B}"
EndProject
Project("{FAE04EC0-301F-11D3-BF4B-00C04F79EFBC}") = "stackedLayoutExerciseOne", "stackedLayoutExerciseOne\stackedLayoutExerciseOne.csproj", "{639418D3-2007-44B2-A645-7A33E42C5D90}"
EndProject
Global
	GlobalSection(SolutionConfigurationPlatforms) = preSolution
		Debug|Any CPU = Debug|Any CPU
		Release|Any CPU = Release|Any CPU
		Debug|iPhoneSimulator = Debug|iPhoneSimulator
		Release|iPhoneSimulator = Release|iPhoneSimulator
		Debug|iPhone = Debug|iPhone
		Release|iPhone = Release|iPhone
	EndGlobalSection
	GlobalSection(ProjectConfigurationPlatforms) = postSolution
		{BCF0720C-8A9B-4794-B936-AE10173ADDC6}.Debug|Any CPU.ActiveCfg = Debug|Any CPU
		{BCF0720C-8A9B-4794-B936-AE10173ADDC6}.Debug|Any CPU.Build.0 = Debug|Any CPU
		{BCF0720C-8A9B-4794-B936-AE10173ADDC6}.Release|Any CPU.ActiveCfg = Release|Any CPU
		{BCF0720C-8A9B-4794-B936-AE10173ADDC6}.Release|Any CPU.Build.0 = Release|Any CPU
		{BCF0720C-8A9B-4794-B936-AE10173ADDC6}.Debug|iPhoneSimulator.ActiveCfg = Debug|Any CPU
		{BCF0720C-8A9B-4794-B936-AE10173ADDC6}.Debug|iPhoneSimulator.Build.0 = Debug|Any CPU
		{BCF0720C-8A9B-4794-B936-AE10173ADDC6}.Release|iPhoneSimulator.ActiveCfg = Release|Any CPU
		{BCF0720C-8A9B-4794-B936-AE10173ADDC6}.Release|iPhoneSimulator.Build.0 = Release|Any CPU
		{BCF0720C-8A9B-4794-B936-AE10173ADDC6}.Debug|iPhone.ActiveCfg = Debug|Any CPU
		{BCF0720C-8A9B-4794-B936-AE10173ADDC6}.Debug|iPhone.Build.0 = Debug|Any CPU
		{BCF0720C-8A9B-4794-B936-AE10173ADDC6}.Release|iPhone.ActiveCfg = Release|Any CPU
		{BCF0720C-8A9B-4794-B936-AE10173ADDC6}.Release|iPhone.Build.0 = Release|Any CPU
		{74B40719-8A04-4456-BE92-F7F45FD4133B}.Debug|Any CPU.ActiveCfg = Debug|iPhoneSimulator
		{74B40719-8A04-4456-BE92-F7F45FD4133B}.Debug|Any CPU.Build.0 = Debug|iPhoneSimulator
		{74B40719-8A04-4456-BE92-F7F45FD4133B}.Release|Any CPU.ActiveCfg = Release|iPhoneSimulator
		{74B40719-8A04-4456-BE92-F7F45FD4133B}.Release|Any CPU.Build.0 = Release|iPhoneSimulator
		{74B40719-8A04-4456-BE92-F7F45FD4133B}.Debug|iPhoneSimulator.ActiveCfg = Debug|iPhoneSimulator
		{74B40719-8A04-4456-BE92-F7F45FD4133B}.Debug|iPhoneSimulator.Build.0 = Debug|iPhoneSimulator
		{74B40719-8A04-4456-BE92-F7F45FD4133B}.Release|iPhoneSimulator.ActiveCfg = Release|iPhoneSimulator
		{74B40719-8A04-4456-BE92-F7F45FD4133B}.Release|iPhoneSimulator.Build.0 = Release|iPhoneSimulator
		{74B40719-8A04-4456-BE92-F7F45FD4133B}.Debug|iPhone.ActiveCfg = Debug|iPhone
		{74B40719-8A04-4456-BE92-F7F45FD4133B}.Debug|iPhone.Build.0 = Debug|iPhone
		{74B40719-8A04-4456-BE92-F7F45FD4133B}.Release|iPhone.ActiveCfg = Release|iPhone
		{74B40719-8A04-4456-BE92-F7F45FD4133B}.Release|iPhone.Build.0 = Release|iPhone
		{639418D3-2007-44B2-A645-7A33E42C5D90}.Debug|Any CPU.ActiveCfg = Debug|Any CPU
		{639418D3-2007-44B2-A645-7A33E42C5D90}.Debug|Any CPU.Build.0 = Debug|Any CPU
		{639418D3-2007-44B2-A645-7A33E42C5D90}.Release|Any CPU.ActiveCfg = Release|Any CPU
		{639418D3-2007-44B2-A645-7A33E42C5D90}.Release|Any CPU.Build.0 = Release|Any CPU
		{639418D3-2007-44B2-A645-7A33E42C5D90}.Debug|iPhoneSimulator.ActiveCfg = Debug|Any CPU
		{639418D3-2007-44B2-A645-7A33E42C5D90}.Debug|iPhoneSimulator.Build.0 = Debug|Any CPU
		{639418D3-2007-44B2-A645-7A33E42C5D90}.Release|iPhoneSimulator.ActiveCfg = Release|Any CPU
		{639418D3-2007-44B2-A645-7A33E42C5D90}.Release|iPhoneSimulator.Build.0 = Release|Any CPU
		{639418D3-2007-44B2-A645-7A33E42C5D90}.Debug|iPhone.ActiveCfg = Debug|Any CPU
		{639418D3-2007-44B2-A645-7A33E42C5D90}.Debug|iPhone.Build.0 = Debug|Any CPU
		{639418D3-2007-44B2-A645-7A33E42C5D90}.Release|iPhone.ActiveCfg = Release|Any CPU
		{639418D3-2007-44B2-A645-7A33E42C5D90}.Release|iPhone.Build.0 = Release|Any CPU
	EndGlobalSection
EndGlobal
